version: 5
environments:
  default:
    channels:
    - url: https://conda.anaconda.org/conda-forge/
    indexes:
    - https://pypi.org/simple
    packages:
      osx-arm64:
      - conda: https://conda.anaconda.org/conda-forge/osx-arm64/bzip2-1.0.8-h99b78c6_7.conda
      - conda: https://conda.anaconda.org/conda-forge/osx-arm64/ca-certificates-2024.7.4-hf0a4a13_0.conda
      - conda: https://conda.anaconda.org/conda-forge/osx-arm64/libcxx-18.1.8-h167917d_0.conda
      - conda: https://conda.anaconda.org/conda-forge/osx-arm64/libffi-3.4.2-h3422bc3_5.tar.bz2
      - conda: https://conda.anaconda.org/conda-forge/osx-arm64/libiconv-1.17-h0d3ecfb_2.conda
      - conda: https://conda.anaconda.org/conda-forge/osx-arm64/libsqlite-3.46.0-hfb93653_0.conda
      - conda: https://conda.anaconda.org/conda-forge/osx-arm64/libzlib-1.3.1-hfb2fe0b_1.conda
      - conda: https://conda.anaconda.org/conda-forge/osx-arm64/ncurses-6.5-hb89a1cb_0.conda
      - conda: https://conda.anaconda.org/conda-forge/osx-arm64/openssl-1.1.1w-h53f4e23_0.conda
      - conda: https://conda.anaconda.org/conda-forge/osx-arm64/python-3.10.0-h70c1b39_3_cpython.tar.bz2
      - conda: https://conda.anaconda.org/conda-forge/osx-arm64/python_abi-3.10-4_cp310.conda
      - conda: https://conda.anaconda.org/conda-forge/osx-arm64/readline-8.2-h92ec313_1.conda
      - conda: https://conda.anaconda.org/conda-forge/osx-arm64/sqlite-3.46.0-h5838104_0.conda
      - conda: https://conda.anaconda.org/conda-forge/osx-arm64/tk-8.6.13-h5083fa2_1.conda
      - conda: https://conda.anaconda.org/conda-forge/noarch/tzdata-2024a-h0c530f3_0.conda
      - conda: https://conda.anaconda.org/conda-forge/osx-arm64/xz-5.2.6-h57fd34a_0.tar.bz2
      - conda: https://conda.anaconda.org/conda-forge/osx-arm64/zeroc-ice-3.6.5-py310hb687b1c_4.tar.bz2
      - pypi: https://files.pythonhosted.org/packages/3b/00/2344469e2084fb287c2e0b57b72910309874c3245463acd6cf5e3db69324/appdirs-1.4.4-py2.py3-none-any.whl
      - pypi: https://files.pythonhosted.org/packages/b9/fa/123043af240e49752f1c4bd24da5053b6bd00cad78c2be53c0d1e8b975bc/backports.tarfile-1.2.0-py3-none-any.whl
      - pypi: https://files.pythonhosted.org/packages/bb/2a/10164ed1f31196a2f7f3799368a821765c62851ead0e630ab52b8e14b4d0/blinker-1.8.2-py3-none-any.whl
      - pypi: https://files.pythonhosted.org/packages/1c/d5/c84e1a17bf61d4df64ca866a1c9a913874b4e9bdc131ec689a0ad013fb36/certifi-2024.7.4-py3-none-any.whl
      - pypi: https://files.pythonhosted.org/packages/46/6a/d5c26c41c49b546860cc1acabdddf48b0b3fb2685f4f5617ac59261b44ae/charset_normalizer-3.3.2-cp310-cp310-macosx_11_0_arm64.whl
      - pypi: https://files.pythonhosted.org/packages/da/71/ae30dadffc90b9006d77af76b393cb9dfbfc9629f339fc1574a1c52e6806/future-1.0.0-py3-none-any.whl
      - pypi: https://files.pythonhosted.org/packages/e5/3e/741d8c82801c347547f8a2a06aa57dbb1992be9e948df2ea0eda2c8b79e8/idna-3.7-py3-none-any.whl
      - pypi: https://files.pythonhosted.org/packages/c7/f3/6bd738acf4e03b2cd8360521cf5edd398866acc1b4bc95fa9fced218e52b/importlib_metadata-8.1.0-py3-none-any.whl
      - pypi: https://files.pythonhosted.org/packages/7f/66/b15ce62552d84bbfcec9a4873ab79d993a1dd4edb922cbfccae192bd5b5f/jaraco.classes-3.4.0-py3-none-any.whl
      - pypi: https://files.pythonhosted.org/packages/d2/40/11b7bc1898cf1dcb87ccbe09b39f5088634ac78bb25f3383ff541c2b40aa/jaraco.context-5.3.0-py3-none-any.whl
      - pypi: https://files.pythonhosted.org/packages/c3/ac/d0bf0d37a9f95f69a5efc5685d9166ee34a664d3cd29a9c139989512fe14/jaraco.functools-4.0.1-py3-none-any.whl
      - pypi: https://files.pythonhosted.org/packages/92/91/901f5cfeaaea04cf15f5ddf41ee053a5c9e389166477a3427fcfd055e1d9/keyring-25.2.1-py3-none-any.whl
      - pypi: https://files.pythonhosted.org/packages/bb/23/2d1cdb0427aecb2b150dc2ac2d15400990c4f05585b3fbc1b5177d74d7fb/more_itertools-10.3.0-py3-none-any.whl
      - pypi: https://files.pythonhosted.org/packages/56/b3/7c69b37f03260a061883bec0e7b05be7117c1b1c85f5212c72c8c2bc3c8c/munch-4.0.0-py2.py3-none-any.whl
      - pypi: https://files.pythonhosted.org/packages/d6/47/58ad880b4a6ae4ec01e212d68d298cc5425814496e8fce7b35575880984c/numpy-2.0.1-cp310-cp310-macosx_11_0_arm64.whl
      - pypi: https://files.pythonhosted.org/packages/2d/78/f21a76efdf5cf8496d2a650522e051e78530824a8d731c301f71aff4efca/omero_py-5.15.0-py3-none-any.whl
      - pypi: https://files.pythonhosted.org/packages/08/aa/cc0199a5f0ad350994d660967a8efb233fe0416e4639146c089643407ce6/packaging-24.1-py3-none-any.whl
      - pypi: https://files.pythonhosted.org/packages/fd/4b/0cd38e68ab690b9df8ef90cba625bf3f93b82d1c719703b8e1b333b2c72d/pandas-2.2.2-cp310-cp310-macosx_11_0_arm64.whl
      - pypi: https://files.pythonhosted.org/packages/9a/9e/4143b907be8ea0bce215f2ae4f7480027473f8b61fcedfda9d851082a5d2/pillow-10.4.0-cp310-cp310-macosx_11_0_arm64.whl
      - pypi: https://files.pythonhosted.org/packages/df/57/69b9104f6a30a7f2c0ed78c425304ab964e9b10907b5e1d9d744dd1f714e/PySide6-6.7.2-cp39-abi3-macosx_11_0_universal2.whl
      - pypi: https://files.pythonhosted.org/packages/3f/8f/8ba019ec6e413c48e2852efea35215d2a340dd0285701712f017dc7ca698/PySide6_Addons-6.7.2-cp39-abi3-macosx_11_0_universal2.whl
      - pypi: https://files.pythonhosted.org/packages/3f/41/c97a442a9e334e0c8025465ee63d7b303c5ab42a1e323c2b9cebca58a936/PySide6_Essentials-6.7.2-cp39-abi3-macosx_11_0_universal2.whl
      - pypi: https://files.pythonhosted.org/packages/83/b8/dd9a8b214b556b615447c6cbf90d07c05e93e4214f32da55cf3565e7142c/PySide6_QtAds-4.3.0.2-cp38-abi3-macosx_11_0_arm64.whl
      - pypi: https://files.pythonhosted.org/packages/ec/57/56b9bcc3c9c6a792fcbaf139543cee77261f3651ca9da0c93f5c1221264b/python_dateutil-2.9.0.post0-py2.py3-none-any.whl
      - pypi: https://files.pythonhosted.org/packages/9c/3d/a121f284241f08268b21359bd425f7d4825cffc5ac5cd0e1b3d82ffd2b10/pytz-2024.1-py2.py3-none-any.whl
      - pypi: https://files.pythonhosted.org/packages/5b/07/10033a403b23405a8fc48975444463d3d10a5c2736b7eb2550b07b367429/PyYAML-6.0.1-cp310-cp310-macosx_11_0_arm64.whl
      - pypi: https://files.pythonhosted.org/packages/7e/a9/2146d5117ad8a81185331e0809a6b48933c10171f5bac253c6df9fce991c/QtPy-2.4.1-py3-none-any.whl
      - pypi: https://files.pythonhosted.org/packages/f9/9b/335f9764261e915ed497fcdeb11df5dfd6f7bf257d4a6a2a686d80da4d54/requests-2.32.3-py3-none-any.whl
      - pypi: https://files.pythonhosted.org/packages/40/b0/4562db6223154aa4e22f939003cb92514c79f3d4dccca3444253fd17f902/Send2Trash-1.8.3-py3-none-any.whl
      - pypi: https://files.pythonhosted.org/packages/64/d4/01c4b37fe224c0d3200a060bfbc1bb912a2a36995178f2dabb19f4a12ff7/shiboken6-6.7.2-cp39-abi3-macosx_11_0_universal2.whl
      - pypi: https://files.pythonhosted.org/packages/d9/66/4679ce174a4d3507b3a60019fef31cf6d06f786048d1b716c409c1546d55/SimpleITK-2.3.1-cp310-cp310-macosx_11_0_arm64.whl
      - pypi: https://files.pythonhosted.org/packages/d9/5a/e7c31adbe875f2abbb91bd84cf2dc52d792b5a01506781dbcf25c91daf11/six-1.16.0-py2.py3-none-any.whl
      - pypi: https://files.pythonhosted.org/packages/65/58/f9c9e6be752e9fcb8b6a0ee9fb87e6e7a1f6bcab2cdc73f02bb7ba91ada0/tzdata-2024.1-py2.py3-none-any.whl
      - pypi: https://files.pythonhosted.org/packages/ca/1c/89ffc63a9605b583d5df2be791a27bc1a42b7c32bab68d3c8f2f73a98cd4/urllib3-2.2.2-py3-none-any.whl
      - pypi: https://files.pythonhosted.org/packages/20/38/f5c473fe9b90c8debdd29ea68d5add0289f1936d6f923b6b9cc0b931194c/zipp-3.19.2-py3-none-any.whl
      - pypi: .
packages:
- kind: pypi
  name: appdirs
  version: 1.4.4
  url: https://files.pythonhosted.org/packages/3b/00/2344469e2084fb287c2e0b57b72910309874c3245463acd6cf5e3db69324/appdirs-1.4.4-py2.py3-none-any.whl
  sha256: a841dacd6b99318a741b166adb07e19ee71a274450e68237b4650ca1055ab128
- kind: pypi
  name: backports-tarfile
  version: 1.2.0
  url: https://files.pythonhosted.org/packages/b9/fa/123043af240e49752f1c4bd24da5053b6bd00cad78c2be53c0d1e8b975bc/backports.tarfile-1.2.0-py3-none-any.whl
  sha256: 77e284d754527b01fb1e6fa8a1afe577858ebe4e9dad8919e34c862cb399bc34
  requires_dist:
  - sphinx>=3.5 ; extra == 'docs'
  - jaraco-packaging>=9.3 ; extra == 'docs'
  - rst-linker>=1.9 ; extra == 'docs'
  - furo ; extra == 'docs'
  - sphinx-lint ; extra == 'docs'
  - pytest!=8.1.*,>=6 ; extra == 'testing'
  - pytest-checkdocs>=2.4 ; extra == 'testing'
  - pytest-cov ; extra == 'testing'
  - pytest-enabler>=2.2 ; extra == 'testing'
  - jaraco-test ; extra == 'testing'
  - pytest!=8.0.* ; extra == 'testing'
  requires_python: '>=3.8'
- kind: pypi
  name: bioimageflow
  version: 0.1.0
  path: .
  sha256: 331c6714698e6f4dba5fd102d9eb25ddabd7ec977651a3bb188b28ce98899f4b
  requires_dist:
  - omero-py==5.15.0
  - simpleitk>=2.3.1,<2.4
  - qtpy>=2.4.1,<3
  - blinker>=1.8.2,<2
  - keyring>=25.2.1,<26
  - numpy>=2.0.1,<3
  - pandas>=2.2.2,<3
  - pillow>=10.4.0,<11
  - pyside6>=6.7.2,<7
  - pyside6-qtads>=4.3.0.2,<5
  - munch>=4.0.0,<5
  - send2trash>=1.8.3,<2
  requires_python: ==3.10
  editable: true
- kind: pypi
  name: blinker
  version: 1.8.2
  url: https://files.pythonhosted.org/packages/bb/2a/10164ed1f31196a2f7f3799368a821765c62851ead0e630ab52b8e14b4d0/blinker-1.8.2-py3-none-any.whl
  sha256: 1779309f71bf239144b9399d06ae925637cf6634cf6bd131104184531bf67c01
  requires_python: '>=3.8'
- kind: conda
  name: bzip2
  version: 1.0.8
  build: h99b78c6_7
  build_number: 7
  subdir: osx-arm64
  url: https://conda.anaconda.org/conda-forge/osx-arm64/bzip2-1.0.8-h99b78c6_7.conda
  sha256: adfa71f158cbd872a36394c56c3568e6034aa55c623634b37a4836bd036e6b91
  md5: fc6948412dbbbe9a4c9ddbbcfe0a79ab
  depends:
  - __osx >=11.0
  license: bzip2-1.0.6
  license_family: BSD
  purls: []
  size: 122909
  timestamp: 1720974522888
- kind: conda
  name: ca-certificates
  version: 2024.7.4
  build: hf0a4a13_0
  subdir: osx-arm64
  url: https://conda.anaconda.org/conda-forge/osx-arm64/ca-certificates-2024.7.4-hf0a4a13_0.conda
  sha256: 33a61116dae7f369b6ce92a7f2a1ff361ae737c675a493b11feb5570b89e0e3b
  md5: 21f9a33e5fe996189e470c19c5354dbe
  license: ISC
  purls: []
  size: 154517
  timestamp: 1720077468981
- kind: pypi
  name: certifi
  version: 2024.7.4
  url: https://files.pythonhosted.org/packages/1c/d5/c84e1a17bf61d4df64ca866a1c9a913874b4e9bdc131ec689a0ad013fb36/certifi-2024.7.4-py3-none-any.whl
  sha256: c198e21b1289c2ab85ee4e67bb4b4ef3ead0892059901a8d5b622f24a1101e90
  requires_python: '>=3.6'
- kind: pypi
  name: charset-normalizer
  version: 3.3.2
  url: https://files.pythonhosted.org/packages/46/6a/d5c26c41c49b546860cc1acabdddf48b0b3fb2685f4f5617ac59261b44ae/charset_normalizer-3.3.2-cp310-cp310-macosx_11_0_arm64.whl
  sha256: 9063e24fdb1e498ab71cb7419e24622516c4a04476b17a2dab57e8baa30d6e03
  requires_python: '>=3.7.0'
- kind: pypi
  name: future
  version: 1.0.0
  url: https://files.pythonhosted.org/packages/da/71/ae30dadffc90b9006d77af76b393cb9dfbfc9629f339fc1574a1c52e6806/future-1.0.0-py3-none-any.whl
  sha256: 929292d34f5872e70396626ef385ec22355a1fae8ad29e1a734c3e43f9fbc216
  requires_python: '>=2.6,!=3.0.*,!=3.1.*,!=3.2.*'
- kind: pypi
  name: idna
  version: '3.7'
  url: https://files.pythonhosted.org/packages/e5/3e/741d8c82801c347547f8a2a06aa57dbb1992be9e948df2ea0eda2c8b79e8/idna-3.7-py3-none-any.whl
  sha256: 82fee1fc78add43492d3a1898bfa6d8a904cc97d8427f683ed8e798d07761aa0
  requires_python: '>=3.5'
- kind: pypi
  name: importlib-metadata
  version: 8.1.0
  url: https://files.pythonhosted.org/packages/c7/f3/6bd738acf4e03b2cd8360521cf5edd398866acc1b4bc95fa9fced218e52b/importlib_metadata-8.1.0-py3-none-any.whl
  sha256: 3cd29f739ed65973840b068e3132135ce954c254d48b5b640484467ef7ab3c8c
  requires_dist:
  - zipp>=0.5
  - typing-extensions>=3.6.4 ; python_version < '3.8'
  - sphinx>=3.5 ; extra == 'doc'
  - jaraco-packaging>=9.3 ; extra == 'doc'
  - rst-linker>=1.9 ; extra == 'doc'
  - furo ; extra == 'doc'
  - sphinx-lint ; extra == 'doc'
  - jaraco-tidelift>=1.4 ; extra == 'doc'
  - ipython ; extra == 'perf'
  - pytest!=8.1.*,>=6 ; extra == 'test'
  - pytest-checkdocs>=2.4 ; extra == 'test'
  - pytest-cov ; extra == 'test'
  - pytest-mypy ; extra == 'test'
  - pytest-enabler>=2.2 ; extra == 'test'
  - packaging ; extra == 'test'
  - pyfakefs ; extra == 'test'
  - flufl-flake8 ; extra == 'test'
  - pytest-perf>=0.9.2 ; extra == 'test'
  - jaraco-test>=5.4 ; extra == 'test'
  - importlib-resources>=1.3 ; python_version < '3.9' and extra == 'test'
  - pytest-ruff>=0.2.1 ; sys_platform != 'cygwin' and extra == 'test'
  requires_python: '>=3.8'
- kind: pypi
  name: jaraco-classes
  version: 3.4.0
  url: https://files.pythonhosted.org/packages/7f/66/b15ce62552d84bbfcec9a4873ab79d993a1dd4edb922cbfccae192bd5b5f/jaraco.classes-3.4.0-py3-none-any.whl
  sha256: f662826b6bed8cace05e7ff873ce0f9283b5c924470fe664fff1c2f00f581790
  requires_dist:
  - more-itertools
  - sphinx>=3.5 ; extra == 'docs'
  - jaraco-packaging>=9.3 ; extra == 'docs'
  - rst-linker>=1.9 ; extra == 'docs'
  - furo ; extra == 'docs'
  - sphinx-lint ; extra == 'docs'
  - jaraco-tidelift>=1.4 ; extra == 'docs'
  - pytest>=6 ; extra == 'testing'
  - pytest-checkdocs>=2.4 ; extra == 'testing'
  - pytest-cov ; extra == 'testing'
  - pytest-mypy ; extra == 'testing'
  - pytest-enabler>=2.2 ; extra == 'testing'
  - pytest-ruff>=0.2.1 ; extra == 'testing'
  requires_python: '>=3.8'
- kind: pypi
  name: jaraco-context
  version: 5.3.0
  url: https://files.pythonhosted.org/packages/d2/40/11b7bc1898cf1dcb87ccbe09b39f5088634ac78bb25f3383ff541c2b40aa/jaraco.context-5.3.0-py3-none-any.whl
  sha256: 3e16388f7da43d384a1a7cd3452e72e14732ac9fe459678773a3608a812bf266
  requires_dist:
  - backports-tarfile ; python_version < '3.12'
  - sphinx>=3.5 ; extra == 'docs'
  - jaraco-packaging>=9.3 ; extra == 'docs'
  - rst-linker>=1.9 ; extra == 'docs'
  - furo ; extra == 'docs'
  - sphinx-lint ; extra == 'docs'
  - jaraco-tidelift>=1.4 ; extra == 'docs'
  - pytest!=8.1.1,>=6 ; extra == 'testing'
  - pytest-checkdocs>=2.4 ; extra == 'testing'
  - pytest-cov ; extra == 'testing'
  - pytest-mypy ; extra == 'testing'
  - pytest-enabler>=2.2 ; extra == 'testing'
  - pytest-ruff>=0.2.1 ; extra == 'testing'
  - portend ; extra == 'testing'
  requires_python: '>=3.8'
- kind: pypi
  name: jaraco-functools
  version: 4.0.1
  url: https://files.pythonhosted.org/packages/c3/ac/d0bf0d37a9f95f69a5efc5685d9166ee34a664d3cd29a9c139989512fe14/jaraco.functools-4.0.1-py3-none-any.whl
  sha256: 3b24ccb921d6b593bdceb56ce14799204f473976e2a9d4b15b04d0f2c2326664
  requires_dist:
  - more-itertools
  - sphinx>=3.5 ; extra == 'docs'
  - sphinx<7.2.5 ; extra == 'docs'
  - jaraco-packaging>=9.3 ; extra == 'docs'
  - rst-linker>=1.9 ; extra == 'docs'
  - furo ; extra == 'docs'
  - sphinx-lint ; extra == 'docs'
  - jaraco-tidelift>=1.4 ; extra == 'docs'
  - pytest>=6 ; extra == 'testing'
  - pytest-checkdocs>=2.4 ; extra == 'testing'
  - pytest-cov ; extra == 'testing'
  - pytest-enabler>=2.2 ; extra == 'testing'
  - pytest-ruff>=0.2.1 ; extra == 'testing'
  - jaraco-classes ; extra == 'testing'
  - pytest-mypy ; platform_python_implementation != 'PyPy' and extra == 'testing'
  requires_python: '>=3.8'
- kind: pypi
  name: keyring
  version: 25.2.1
  url: https://files.pythonhosted.org/packages/92/91/901f5cfeaaea04cf15f5ddf41ee053a5c9e389166477a3427fcfd055e1d9/keyring-25.2.1-py3-none-any.whl
  sha256: 2458681cdefc0dbc0b7eb6cf75d0b98e59f9ad9b2d4edd319d18f68bdca95e50
  requires_dist:
  - jaraco-classes
  - jaraco-functools
  - jaraco-context
  - importlib-metadata>=4.11.4 ; python_version < '3.12'
  - importlib-resources ; python_version < '3.9'
  - secretstorage>=3.2 ; sys_platform == 'linux'
  - jeepney>=0.4.2 ; sys_platform == 'linux'
  - pywin32-ctypes>=0.2.0 ; sys_platform == 'win32'
  - shtab>=1.1.0 ; extra == 'completion'
  - sphinx>=3.5 ; extra == 'docs'
  - jaraco-packaging>=9.3 ; extra == 'docs'
  - rst-linker>=1.9 ; extra == 'docs'
  - furo ; extra == 'docs'
  - sphinx-lint ; extra == 'docs'
  - jaraco-tidelift>=1.4 ; extra == 'docs'
  - pytest!=8.1.*,>=6 ; extra == 'testing'
  - pytest-checkdocs>=2.4 ; extra == 'testing'
  - pytest-cov ; extra == 'testing'
  - pytest-mypy ; extra == 'testing'
  - pytest-enabler>=2.2 ; extra == 'testing'
  - pytest-ruff>=0.2.1 ; extra == 'testing'
  requires_python: '>=3.8'
- kind: conda
  name: libcxx
  version: 18.1.8
  build: h167917d_0
  subdir: osx-arm64
  url: https://conda.anaconda.org/conda-forge/osx-arm64/libcxx-18.1.8-h167917d_0.conda
  sha256: a598062f2d1522fc3727c16620fbc2bc913c1069342671428a92fcf4eb02ec12
  md5: c891c2eeabd7d67fbc38e012cc6045d6
  depends:
  - __osx >=11.0
  license: Apache-2.0 WITH LLVM-exception
  license_family: Apache
  purls: []
  size: 1219441
  timestamp: 1720589623297
- kind: conda
  name: libffi
  version: 3.4.2
  build: h3422bc3_5
  build_number: 5
  subdir: osx-arm64
  url: https://conda.anaconda.org/conda-forge/osx-arm64/libffi-3.4.2-h3422bc3_5.tar.bz2
  sha256: 41b3d13efb775e340e4dba549ab5c029611ea6918703096b2eaa9c015c0750ca
  md5: 086914b672be056eb70fd4285b6783b6
  license: MIT
  license_family: MIT
  purls: []
  size: 39020
  timestamp: 1636488587153
- kind: conda
  name: libiconv
  version: '1.17'
  build: h0d3ecfb_2
  build_number: 2
  subdir: osx-arm64
  url: https://conda.anaconda.org/conda-forge/osx-arm64/libiconv-1.17-h0d3ecfb_2.conda
  sha256: bc7de5097b97bcafcf7deaaed505f7ce02f648aac8eccc0d5a47cc599a1d0304
  md5: 69bda57310071cf6d2b86caf11573d2d
  license: LGPL-2.1-only
  purls: []
  size: 676469
  timestamp: 1702682458114
- kind: conda
  name: libsqlite
  version: 3.46.0
  build: hfb93653_0
  subdir: osx-arm64
  url: https://conda.anaconda.org/conda-forge/osx-arm64/libsqlite-3.46.0-hfb93653_0.conda
  sha256: 73048f9cb8647d3d3bfe6021c0b7d663e12cffbe9b4f31bd081e713b0a9ad8f9
  md5: 12300188028c9bc02da965128b91b517
  depends:
  - __osx >=11.0
  - libzlib >=1.2.13,<2.0a0
  license: Unlicense
  purls: []
  size: 830198
  timestamp: 1718050644825
- kind: conda
  name: libzlib
  version: 1.3.1
  build: hfb2fe0b_1
  build_number: 1
  subdir: osx-arm64
  url: https://conda.anaconda.org/conda-forge/osx-arm64/libzlib-1.3.1-hfb2fe0b_1.conda
  sha256: c34365dd37b0eab27b9693af32a1f7f284955517c2cc91f1b88a7ef4738ff03e
  md5: 636077128927cf79fd933276dc3aed47
  depends:
  - __osx >=11.0
  constrains:
  - zlib 1.3.1 *_1
  license: Zlib
  license_family: Other
  purls: []
  size: 46921
  timestamp: 1716874262512
- kind: pypi
  name: more-itertools
  version: 10.3.0
  url: https://files.pythonhosted.org/packages/bb/23/2d1cdb0427aecb2b150dc2ac2d15400990c4f05585b3fbc1b5177d74d7fb/more_itertools-10.3.0-py3-none-any.whl
  sha256: ea6a02e24a9161e51faad17a8782b92a0df82c12c1c8886fec7f0c3fa1a1b320
  requires_python: '>=3.8'
- kind: pypi
  name: munch
  version: 4.0.0
  url: https://files.pythonhosted.org/packages/56/b3/7c69b37f03260a061883bec0e7b05be7117c1b1c85f5212c72c8c2bc3c8c/munch-4.0.0-py2.py3-none-any.whl
  sha256: 71033c45db9fb677a0b7eb517a4ce70ae09258490e419b0e7f00d1e386ecb1b4
  requires_dist:
  - importlib-metadata>=1.7.0 ; python_version < '3.8'
  - astroid>=2.0 ; extra == 'testing'
  - pylint~=2.3.1 ; extra == 'testing'
  - pytest ; extra == 'testing'
  - coverage ; extra == 'testing'
  - pyyaml>=5.1.0 ; extra == 'yaml'
  requires_python: '>=3.6'
- kind: conda
  name: ncurses
  version: '6.5'
  build: hb89a1cb_0
  subdir: osx-arm64
  url: https://conda.anaconda.org/conda-forge/osx-arm64/ncurses-6.5-hb89a1cb_0.conda
  sha256: 87d7cf716d9d930dab682cb57b3b8d3a61940b47d6703f3529a155c938a6990a
  md5: b13ad5724ac9ae98b6b4fd87e4500ba4
  license: X11 AND BSD-3-Clause
  purls: []
  size: 795131
  timestamp: 1715194898402
- kind: pypi
  name: numpy
  version: 2.0.1
  url: https://files.pythonhosted.org/packages/d6/47/58ad880b4a6ae4ec01e212d68d298cc5425814496e8fce7b35575880984c/numpy-2.0.1-cp310-cp310-macosx_11_0_arm64.whl
  sha256: 69ff563d43c69b1baba77af455dd0a839df8d25e8590e79c90fcbe1499ebde42
  requires_python: '>=3.9'
- kind: pypi
  name: omero-py
  version: 5.15.0
  url: https://files.pythonhosted.org/packages/2d/78/f21a76efdf5cf8496d2a650522e051e78530824a8d731c301f71aff4efca/omero_py-5.15.0-py3-none-any.whl
  sha256: aed0276a168fa43ae4043b8fd37f5ff2813a28717c8b03ade234c2935871570c
  requires_dist:
  - pillow
  - pyyaml
  - appdirs
  - future
  - numpy
  - requests
  - zeroc-ice<3.7,>=3.6.5
  - pywin32 ; platform_system == 'Windows'
  requires_python: '>=3'
- kind: conda
  name: openssl
  version: 1.1.1w
  build: h53f4e23_0
  subdir: osx-arm64
  url: https://conda.anaconda.org/conda-forge/osx-arm64/openssl-1.1.1w-h53f4e23_0.conda
  sha256: 0d4f19426a152ea4ffb9926ffe2acae3362669ba9504d7eb02c22d23b203442b
  md5: 38578a8fcd49146fb4bc13a1fca305b1
  depends:
  - ca-certificates
  license: OpenSSL
  license_family: Apache
  purls: []
  size: 1652804
  timestamp: 1694461793409
- kind: pypi
  name: packaging
  version: '24.1'
  url: https://files.pythonhosted.org/packages/08/aa/cc0199a5f0ad350994d660967a8efb233fe0416e4639146c089643407ce6/packaging-24.1-py3-none-any.whl
  sha256: 5b8f2217dbdbd2f7f384c41c628544e6d52f2d0f53c6d0c3ea61aa5d1d7ff124
  requires_python: '>=3.8'
- kind: pypi
  name: pandas
  version: 2.2.2
  url: https://files.pythonhosted.org/packages/fd/4b/0cd38e68ab690b9df8ef90cba625bf3f93b82d1c719703b8e1b333b2c72d/pandas-2.2.2-cp310-cp310-macosx_11_0_arm64.whl
  sha256: c7adfc142dac335d8c1e0dcbd37eb8617eac386596eb9e1a1b77791cf2498238
  requires_dist:
  - numpy>=1.22.4 ; python_version < '3.11'
  - numpy>=1.23.2 ; python_version == '3.11'
  - numpy>=1.26.0 ; python_version >= '3.12'
  - python-dateutil>=2.8.2
  - pytz>=2020.1
  - tzdata>=2022.7
  - hypothesis>=6.46.1 ; extra == 'test'
  - pytest>=7.3.2 ; extra == 'test'
  - pytest-xdist>=2.2.0 ; extra == 'test'
  - pyarrow>=10.0.1 ; extra == 'pyarrow'
  - bottleneck>=1.3.6 ; extra == 'performance'
  - numba>=0.56.4 ; extra == 'performance'
  - numexpr>=2.8.4 ; extra == 'performance'
  - scipy>=1.10.0 ; extra == 'computation'
  - xarray>=2022.12.0 ; extra == 'computation'
  - fsspec>=2022.11.0 ; extra == 'fss'
  - s3fs>=2022.11.0 ; extra == 'aws'
  - gcsfs>=2022.11.0 ; extra == 'gcp'
  - pandas-gbq>=0.19.0 ; extra == 'gcp'
  - odfpy>=1.4.1 ; extra == 'excel'
  - openpyxl>=3.1.0 ; extra == 'excel'
  - python-calamine>=0.1.7 ; extra == 'excel'
  - pyxlsb>=1.0.10 ; extra == 'excel'
  - xlrd>=2.0.1 ; extra == 'excel'
  - xlsxwriter>=3.0.5 ; extra == 'excel'
  - pyarrow>=10.0.1 ; extra == 'parquet'
  - pyarrow>=10.0.1 ; extra == 'feather'
  - tables>=3.8.0 ; extra == 'hdf5'
  - pyreadstat>=1.2.0 ; extra == 'spss'
  - sqlalchemy>=2.0.0 ; extra == 'postgresql'
  - psycopg2>=2.9.6 ; extra == 'postgresql'
  - adbc-driver-postgresql>=0.8.0 ; extra == 'postgresql'
  - sqlalchemy>=2.0.0 ; extra == 'mysql'
  - pymysql>=1.0.2 ; extra == 'mysql'
  - sqlalchemy>=2.0.0 ; extra == 'sql-other'
  - adbc-driver-postgresql>=0.8.0 ; extra == 'sql-other'
  - adbc-driver-sqlite>=0.8.0 ; extra == 'sql-other'
  - beautifulsoup4>=4.11.2 ; extra == 'html'
  - html5lib>=1.1 ; extra == 'html'
  - lxml>=4.9.2 ; extra == 'html'
  - lxml>=4.9.2 ; extra == 'xml'
  - matplotlib>=3.6.3 ; extra == 'plot'
  - jinja2>=3.1.2 ; extra == 'output-formatting'
  - tabulate>=0.9.0 ; extra == 'output-formatting'
  - pyqt5>=5.15.9 ; extra == 'clipboard'
  - qtpy>=2.3.0 ; extra == 'clipboard'
  - zstandard>=0.19.0 ; extra == 'compression'
  - dataframe-api-compat>=0.1.7 ; extra == 'consortium-standard'
  - adbc-driver-postgresql>=0.8.0 ; extra == 'all'
  - adbc-driver-sqlite>=0.8.0 ; extra == 'all'
  - beautifulsoup4>=4.11.2 ; extra == 'all'
  - bottleneck>=1.3.6 ; extra == 'all'
  - dataframe-api-compat>=0.1.7 ; extra == 'all'
  - fastparquet>=2022.12.0 ; extra == 'all'
  - fsspec>=2022.11.0 ; extra == 'all'
  - gcsfs>=2022.11.0 ; extra == 'all'
  - html5lib>=1.1 ; extra == 'all'
  - hypothesis>=6.46.1 ; extra == 'all'
  - jinja2>=3.1.2 ; extra == 'all'
  - lxml>=4.9.2 ; extra == 'all'
  - matplotlib>=3.6.3 ; extra == 'all'
  - numba>=0.56.4 ; extra == 'all'
  - numexpr>=2.8.4 ; extra == 'all'
  - odfpy>=1.4.1 ; extra == 'all'
  - openpyxl>=3.1.0 ; extra == 'all'
  - pandas-gbq>=0.19.0 ; extra == 'all'
  - psycopg2>=2.9.6 ; extra == 'all'
  - pyarrow>=10.0.1 ; extra == 'all'
  - pymysql>=1.0.2 ; extra == 'all'
  - pyqt5>=5.15.9 ; extra == 'all'
  - pyreadstat>=1.2.0 ; extra == 'all'
  - pytest>=7.3.2 ; extra == 'all'
  - pytest-xdist>=2.2.0 ; extra == 'all'
  - python-calamine>=0.1.7 ; extra == 'all'
  - pyxlsb>=1.0.10 ; extra == 'all'
  - qtpy>=2.3.0 ; extra == 'all'
  - scipy>=1.10.0 ; extra == 'all'
  - s3fs>=2022.11.0 ; extra == 'all'
  - sqlalchemy>=2.0.0 ; extra == 'all'
  - tables>=3.8.0 ; extra == 'all'
  - tabulate>=0.9.0 ; extra == 'all'
  - xarray>=2022.12.0 ; extra == 'all'
  - xlrd>=2.0.1 ; extra == 'all'
  - xlsxwriter>=3.0.5 ; extra == 'all'
  - zstandard>=0.19.0 ; extra == 'all'
  requires_python: '>=3.9'
- kind: pypi
  name: pillow
  version: 10.4.0
  url: https://files.pythonhosted.org/packages/9a/9e/4143b907be8ea0bce215f2ae4f7480027473f8b61fcedfda9d851082a5d2/pillow-10.4.0-cp310-cp310-macosx_11_0_arm64.whl
  sha256: 543f3dc61c18dafb755773efc89aae60d06b6596a63914107f75459cf984164d
  requires_dist:
  - furo ; extra == 'docs'
  - olefile ; extra == 'docs'
  - sphinx>=7.3 ; extra == 'docs'
  - sphinx-copybutton ; extra == 'docs'
  - sphinx-inline-tabs ; extra == 'docs'
  - sphinxext-opengraph ; extra == 'docs'
  - olefile ; extra == 'fpx'
  - olefile ; extra == 'mic'
  - check-manifest ; extra == 'tests'
  - coverage ; extra == 'tests'
  - defusedxml ; extra == 'tests'
  - markdown2 ; extra == 'tests'
  - olefile ; extra == 'tests'
  - packaging ; extra == 'tests'
  - pyroma ; extra == 'tests'
  - pytest ; extra == 'tests'
  - pytest-cov ; extra == 'tests'
  - pytest-timeout ; extra == 'tests'
  - typing-extensions ; python_version < '3.10' and extra == 'typing'
  - defusedxml ; extra == 'xmp'
  requires_python: '>=3.8'
- kind: pypi
  name: pyside6
  version: 6.7.2
  url: https://files.pythonhosted.org/packages/df/57/69b9104f6a30a7f2c0ed78c425304ab964e9b10907b5e1d9d744dd1f714e/PySide6-6.7.2-cp39-abi3-macosx_11_0_universal2.whl
  sha256: 602debef9ec159b0db48f83b38a0e43e2dad3961f7d99f708d98620f04e9112b
  requires_dist:
  - shiboken6==6.7.2
  - pyside6-essentials==6.7.2
  - pyside6-addons==6.7.2
  requires_python: <3.13,>=3.9
- kind: pypi
  name: pyside6-addons
  version: 6.7.2
  url: https://files.pythonhosted.org/packages/3f/8f/8ba019ec6e413c48e2852efea35215d2a340dd0285701712f017dc7ca698/PySide6_Addons-6.7.2-cp39-abi3-macosx_11_0_universal2.whl
  sha256: 90b995efce61058d995c603ea480a9a3054fe8206739dcbc273fc3b53d40650f
  requires_dist:
  - shiboken6==6.7.2
  - pyside6-essentials==6.7.2
  requires_python: <3.13,>=3.9
- kind: pypi
  name: pyside6-essentials
  version: 6.7.2
  url: https://files.pythonhosted.org/packages/3f/41/c97a442a9e334e0c8025465ee63d7b303c5ab42a1e323c2b9cebca58a936/PySide6_Essentials-6.7.2-cp39-abi3-macosx_11_0_universal2.whl
  sha256: 4d13666e796ec140ecfb432c4f3d7baef6dfafc11929985a83b22c0025532fb7
  requires_dist:
  - shiboken6==6.7.2
  requires_python: <3.13,>=3.9
- kind: pypi
  name: pyside6-qtads
  version: 4.3.0.2
  url: https://files.pythonhosted.org/packages/83/b8/dd9a8b214b556b615447c6cbf90d07c05e93e4214f32da55cf3565e7142c/PySide6_QtAds-4.3.0.2-cp38-abi3-macosx_11_0_arm64.whl
  sha256: 172fd8b84cbba67339b87a4706f9c9757dd54ebc67cb69c82467eddd3f2efa10
  requires_dist:
  - pyside6-essentials==6.7.2
  - shiboken6==6.7.2
  requires_python: '>=3.8'
- kind: conda
  name: python
  version: 3.10.0
  build: h70c1b39_3_cpython
  build_number: 3
  subdir: osx-arm64
  url: https://conda.anaconda.org/conda-forge/osx-arm64/python-3.10.0-h70c1b39_3_cpython.tar.bz2
  sha256: 40ab3b3a70617130aec51217e0cfad66c9a7144b12ea90d29292fa2c0b4bb00d
  md5: 3d40694cfe0bf39bed6a87265de5f30d
  depends:
  - bzip2 >=1.0.8,<2.0a0
  - libffi >=3.4.2,<3.5.0a0
  - libzlib >=1.2.11,<2.0.0a0
  - ncurses >=6.2,<7.0.0a0
  - openssl >=1.1.1l,<1.1.2a
  - readline >=8.1,<9.0a0
  - sqlite >=3.36.0,<4.0a0
  - tk >=8.6.11,<8.7.0a0
  - tzdata
  - xz >=5.2.5,<6.0.0a0
  constrains:
  - python_abi 3.10.* *_cp310
  license: Python-2.0
  purls: []
  size: 12903695
  timestamp: 1637375307974
- kind: pypi
  name: python-dateutil
  version: 2.9.0.post0
  url: https://files.pythonhosted.org/packages/ec/57/56b9bcc3c9c6a792fcbaf139543cee77261f3651ca9da0c93f5c1221264b/python_dateutil-2.9.0.post0-py2.py3-none-any.whl
  sha256: a8b2bc7bffae282281c8140a97d3aa9c14da0b136dfe83f850eea9a5f7470427
  requires_dist:
  - six>=1.5
  requires_python: '!=3.0.*,!=3.1.*,!=3.2.*,>=2.7'
- kind: conda
  name: python_abi
  version: '3.10'
  build: 4_cp310
  build_number: 4
  subdir: osx-arm64
  url: https://conda.anaconda.org/conda-forge/osx-arm64/python_abi-3.10-4_cp310.conda
  sha256: f69bac2f28082a275ef67313968b2c366d8236c3a6869b9cdf5cdb97a5821812
  md5: 1a3d9c6bb5f0b1b22d9e9296c127e8c7
  constrains:
  - python 3.10.* *_cpython
  license: BSD-3-Clause
  license_family: BSD
  purls: []
  size: 6490
  timestamp: 1695147522999
- kind: pypi
  name: pytz
  version: '2024.1'
  url: https://files.pythonhosted.org/packages/9c/3d/a121f284241f08268b21359bd425f7d4825cffc5ac5cd0e1b3d82ffd2b10/pytz-2024.1-py2.py3-none-any.whl
  sha256: 328171f4e3623139da4983451950b28e95ac706e13f3f2630a879749e7a8b319
- kind: pypi
  name: pyyaml
  version: 6.0.1
  url: https://files.pythonhosted.org/packages/5b/07/10033a403b23405a8fc48975444463d3d10a5c2736b7eb2550b07b367429/PyYAML-6.0.1-cp310-cp310-macosx_11_0_arm64.whl
  sha256: fd66fc5d0da6d9815ba2cebeb4205f95818ff4b79c3ebe268e75d961704af52f
  requires_python: '>=3.6'
- kind: pypi
  name: qtpy
  version: 2.4.1
  url: https://files.pythonhosted.org/packages/7e/a9/2146d5117ad8a81185331e0809a6b48933c10171f5bac253c6df9fce991c/QtPy-2.4.1-py3-none-any.whl
  sha256: 1c1d8c4fa2c884ae742b069151b0abe15b3f70491f3972698c683b8e38de839b
  requires_dist:
  - packaging
  - pytest!=7.0.0,!=7.0.1,>=6 ; extra == 'test'
  - pytest-cov>=3.0.0 ; extra == 'test'
  - pytest-qt ; extra == 'test'
  requires_python: '>=3.7'
- kind: conda
  name: readline
  version: '8.2'
  build: h92ec313_1
  build_number: 1
  subdir: osx-arm64
  url: https://conda.anaconda.org/conda-forge/osx-arm64/readline-8.2-h92ec313_1.conda
  sha256: a1dfa679ac3f6007362386576a704ad2d0d7a02e98f5d0b115f207a2da63e884
  md5: 8cbb776a2f641b943d413b3e19df71f4
  depends:
  - ncurses >=6.3,<7.0a0
  license: GPL-3.0-only
  license_family: GPL
  purls: []
  size: 250351
  timestamp: 1679532511311
- kind: pypi
  name: requests
  version: 2.32.3
  url: https://files.pythonhosted.org/packages/f9/9b/335f9764261e915ed497fcdeb11df5dfd6f7bf257d4a6a2a686d80da4d54/requests-2.32.3-py3-none-any.whl
  sha256: 70761cfe03c773ceb22aa2f671b4757976145175cdfca038c02654d061d6dcc6
  requires_dist:
  - charset-normalizer<4,>=2
  - idna<4,>=2.5
  - urllib3<3,>=1.21.1
  - certifi>=2017.4.17
  - pysocks!=1.5.7,>=1.5.6 ; extra == 'socks'
  - chardet<6,>=3.0.2 ; extra == 'use-chardet-on-py3'
  requires_python: '>=3.8'
- kind: pypi
  name: send2trash
  version: 1.8.3
  url: https://files.pythonhosted.org/packages/40/b0/4562db6223154aa4e22f939003cb92514c79f3d4dccca3444253fd17f902/Send2Trash-1.8.3-py3-none-any.whl
  sha256: 0c31227e0bd08961c7665474a3d1ef7193929fedda4233843689baa056be46c9
  requires_dist:
  - pyobjc-framework-cocoa ; sys_platform == 'darwin' and extra == 'nativelib'
  - pywin32 ; sys_platform == 'win32' and extra == 'nativelib'
  - pyobjc-framework-cocoa ; sys_platform == 'darwin' and extra == 'objc'
  - pywin32 ; sys_platform == 'win32' and extra == 'win32'
  requires_python: '!=3.0.*,!=3.1.*,!=3.2.*,!=3.3.*,!=3.4.*,!=3.5.*,>=2.7'
- kind: pypi
  name: shiboken6
  version: 6.7.2
  url: https://files.pythonhosted.org/packages/64/d4/01c4b37fe224c0d3200a060bfbc1bb912a2a36995178f2dabb19f4a12ff7/shiboken6-6.7.2-cp39-abi3-macosx_11_0_universal2.whl
  sha256: 50c33ac6317b673a1eb97a9abaafccb162c4ba0c9ca658a8e449c49a8aadc379
  requires_python: <3.13,>=3.9
- kind: pypi
  name: simpleitk
  version: 2.3.1
  url: https://files.pythonhosted.org/packages/d9/66/4679ce174a4d3507b3a60019fef31cf6d06f786048d1b716c409c1546d55/SimpleITK-2.3.1-cp310-cp310-macosx_11_0_arm64.whl
  sha256: 977c47b4a7a7737b4413bcce12125794a342455d4a0647cea40f8473bc395330
- kind: pypi
  name: six
  version: 1.16.0
  url: https://files.pythonhosted.org/packages/d9/5a/e7c31adbe875f2abbb91bd84cf2dc52d792b5a01506781dbcf25c91daf11/six-1.16.0-py2.py3-none-any.whl
  sha256: 8abb2f1d86890a2dfb989f9a77cfcfd3e47c2a354b01111771326f8aa26e0254
  requires_python: '>=2.7,!=3.0.*,!=3.1.*,!=3.2.*'
- kind: conda
  name: sqlite
  version: 3.46.0
  build: h5838104_0
  subdir: osx-arm64
  url: https://conda.anaconda.org/conda-forge/osx-arm64/sqlite-3.46.0-h5838104_0.conda
  sha256: e13b719f70b3a20f40b59f814d32483ae8cd95fef83224127b10091828026f7d
  md5: 05c5dc8cd793dcfc5849d0569da9b175
  depends:
  - __osx >=11.0
  - libsqlite 3.46.0 hfb93653_0
  - libzlib >=1.2.13,<2.0a0
  - ncurses >=6.5,<7.0a0
  - readline >=8.2,<9.0a0
  license: Unlicense
  purls: []
  size: 822635
  timestamp: 1718050678797
- kind: conda
  name: tk
  version: 8.6.13
  build: h5083fa2_1
  build_number: 1
  subdir: osx-arm64
  url: https://conda.anaconda.org/conda-forge/osx-arm64/tk-8.6.13-h5083fa2_1.conda
  sha256: 72457ad031b4c048e5891f3f6cb27a53cb479db68a52d965f796910e71a403a8
  md5: b50a57ba89c32b62428b71a875291c9b
  depends:
  - libzlib >=1.2.13,<2.0.0a0
  license: TCL
  license_family: BSD
  purls: []
  size: 3145523
  timestamp: 1699202432999
- kind: pypi
  name: tzdata
  version: '2024.1'
  url: https://files.pythonhosted.org/packages/65/58/f9c9e6be752e9fcb8b6a0ee9fb87e6e7a1f6bcab2cdc73f02bb7ba91ada0/tzdata-2024.1-py2.py3-none-any.whl
  sha256: 9068bc196136463f5245e51efda838afa15aaeca9903f49050dfa2679db4d252
  requires_python: '>=2'
- kind: conda
  name: tzdata
  version: 2024a
  build: h0c530f3_0
  subdir: noarch
  noarch: generic
  url: https://conda.anaconda.org/conda-forge/noarch/tzdata-2024a-h0c530f3_0.conda
  sha256: 7b2b69c54ec62a243eb6fba2391b5e443421608c3ae5dbff938ad33ca8db5122
  md5: 161081fc7cec0bfda0d86d7cb595f8d8
  license: LicenseRef-Public-Domain
  purls: []
  size: 119815
  timestamp: 1706886945727
- kind: pypi
  name: urllib3
  version: 2.2.2
  url: https://files.pythonhosted.org/packages/ca/1c/89ffc63a9605b583d5df2be791a27bc1a42b7c32bab68d3c8f2f73a98cd4/urllib3-2.2.2-py3-none-any.whl
  sha256: a448b2f64d686155468037e1ace9f2d2199776e17f0a46610480d311f73e3472
  requires_dist:
  - brotli>=1.0.9 ; platform_python_implementation == 'CPython' and extra == 'brotli'
  - brotlicffi>=0.8.0 ; platform_python_implementation != 'CPython' and extra == 'brotli'
  - h2<5,>=4 ; extra == 'h2'
  - pysocks!=1.5.7,<2.0,>=1.5.6 ; extra == 'socks'
  - zstandard>=0.18.0 ; extra == 'zstd'
  requires_python: '>=3.8'
- kind: conda
  name: xz
  version: 5.2.6
  build: h57fd34a_0
  subdir: osx-arm64
  url: https://conda.anaconda.org/conda-forge/osx-arm64/xz-5.2.6-h57fd34a_0.tar.bz2
  sha256: 59d78af0c3e071021cfe82dc40134c19dab8cdf804324b62940f5c8cd71803ec
  md5: 39c6b54e94014701dd157f4f576ed211
  license: LGPL-2.1 and GPL-2.0
  purls: []
  size: 235693
  timestamp: 1660346961024
- kind: conda
  name: zeroc-ice
  version: 3.6.5
  build: py310hb687b1c_4
  build_number: 4
  subdir: osx-arm64
  url: https://conda.anaconda.org/conda-forge/osx-arm64/zeroc-ice-3.6.5-py310hb687b1c_4.tar.bz2
  sha256: b6297d86548079c8b1077036669d7e2ee4cb72db2c23037450ec8efb075c0207
  md5: 1e88076ddc3c5f5d6d616fa9596aa14d
  depends:
  - bzip2 >=1.0.8,<2.0a0
  - libcxx >=12.0.1
  - libiconv >=1.16,<2.0.0a0
  - openssl >=1.1.1n,<1.1.2a
  - python >=3.10,<3.11.0a0
  - python >=3.10,<3.11.0a0 *_cpython
  - python_abi 3.10.* *_cp310
  constrains:
  - __osx >=11.0
  license: GPL-2.0-only
  license_family: GPL2
  purls:
  - pkg:pypi/zeroc-ice?source=conda-forge-mapping
  size: 2216161
  timestamp: 1649794073192
- kind: pypi
  name: zipp
  version: 3.19.2
  url: https://files.pythonhosted.org/packages/20/38/f5c473fe9b90c8debdd29ea68d5add0289f1936d6f923b6b9cc0b931194c/zipp-3.19.2-py3-none-any.whl
  sha256: f091755f667055f2d02b32c53771a7a6c8b47e1fdbc4b72a8b9072b3eef8015c
  requires_dist:
  - sphinx>=3.5 ; extra == 'doc'
  - jaraco-packaging>=9.3 ; extra == 'doc'
  - rst-linker>=1.9 ; extra == 'doc'
  - furo ; extra == 'doc'
  - sphinx-lint ; extra == 'doc'
  - jaraco-tidelift>=1.4 ; extra == 'doc'
  - pytest!=8.1.*,>=6 ; extra == 'test'
  - pytest-checkdocs>=2.4 ; extra == 'test'
  - pytest-cov ; extra == 'test'
  - pytest-mypy ; extra == 'test'
  - pytest-enabler>=2.2 ; extra == 'test'
  - pytest-ruff>=0.2.1 ; extra == 'test'
  - jaraco-itertools ; extra == 'test'
  - jaraco-functools ; extra == 'test'
  - more-itertools ; extra == 'test'
  - big-o ; extra == 'test'
  - pytest-ignore-flaky ; extra == 'test'
  - jaraco-test ; extra == 'test'
  - importlib-resources ; python_version < '3.9' and extra == 'test'
  requires_python: '>=3.8'
